// !$*UTF8*$!
{
	archiveVersion = 1;
	classes = {
	};
	objectVersion = 46;
	objects = {

/* Begin PBXBuildFile section */
		A321976A1E9D83CC0099DDFF /* AppDelegate.swift in Sources */ = {isa = PBXBuildFile; fileRef = A32197691E9D83CC0099DDFF /* AppDelegate.swift */; };
		A321976C1E9D83CC0099DDFF /* ViewController.swift in Sources */ = {isa = PBXBuildFile; fileRef = A321976B1E9D83CC0099DDFF /* ViewController.swift */; };
		A321976F1E9D83CC0099DDFF /* Main.storyboard in Resources */ = {isa = PBXBuildFile; fileRef = A321976D1E9D83CC0099DDFF /* Main.storyboard */; };
		A32197711E9D83CC0099DDFF /* Assets.xcassets in Resources */ = {isa = PBXBuildFile; fileRef = A32197701E9D83CC0099DDFF /* Assets.xcassets */; };
		A32197741E9D83CC0099DDFF /* LaunchScreen.storyboard in Resources */ = {isa = PBXBuildFile; fileRef = A32197721E9D83CC0099DDFF /* LaunchScreen.storyboard */; };
		A321977C1E9D83FA0099DDFF /* 01.jpg in Resources */ = {isa = PBXBuildFile; fileRef = A321977B1E9D83FA0099DDFF /* 01.jpg */; };
		A321977E1E9D880C0099DDFF /* ResultViewController.swift in Sources */ = {isa = PBXBuildFile; fileRef = A321977D1E9D880C0099DDFF /* ResultViewController.swift */; };
/* End PBXBuildFile section */

/* Begin PBXFileReference section */
		A32197661E9D83CC0099DDFF /* SlideshowApp.app */ = {isa = PBXFileReference; explicitFileType = wrapper.application; includeInIndex = 0; path = SlideshowApp.app; sourceTree = BUILT_PRODUCTS_DIR; };
		A32197691E9D83CC0099DDFF /* AppDelegate.swift */ = {isa = PBXFileReference; lastKnownFileType = sourcecode.swift; path = AppDelegate.swift; sourceTree = "<group>"; };
		A321976B1E9D83CC0099DDFF /* ViewController.swift */ = {isa = PBXFileReference; lastKnownFileType = sourcecode.swift; path = ViewController.swift; sourceTree = "<group>"; };
		A321976E1E9D83CC0099DDFF /* Base */ = {isa = PBXFileReference; lastKnownFileType = file.storyboard; name = Base; path = Base.lproj/Main.storyboard; sourceTree = "<group>"; };
		A32197701E9D83CC0099DDFF /* Assets.xcassets */ = {isa = PBXFileReference; lastKnownFileType = folder.assetcatalog; path = Assets.xcassets; sourceTree = "<group>"; };
		A32197731E9D83CC0099DDFF /* Base */ = {isa = PBXFileReference; lastKnownFileType = file.storyboard; name = Base; path = Base.lproj/LaunchScreen.storyboard; sourceTree = "<group>"; };
		A32197751E9D83CC0099DDFF /* Info.plist */ = {isa = PBXFileReference; lastKnownFileType = text.plist.xml; path = Info.plist; sourceTree = "<group>"; };
		A321977B1E9D83FA0099DDFF /* 01.jpg */ = {isa = PBXFileReference; lastKnownFileType = image.jpeg; path = 01.jpg; sourceTree = "<group>"; };
		A321977D1E9D880C0099DDFF /* ResultViewController.swift */ = {isa = PBXFileReference; fileEncoding = 4; lastKnownFileType = sourcecode.swift; path = ResultViewController.swift; sourceTree = "<group>"; };
/* End PBXFileReference section */

/* Begin PBXFrameworksBuildPhase section */
		A32197631E9D83CC0099DDFF /* Frameworks */ = {
			isa = PBXFrameworksBuildPhase;
			buildActionMask = 2147483647;
			files = (
			);
			runOnlyForDeploymentPostprocessing = 0;
		};
/* End PBXFrameworksBuildPhase section */

/* Begin PBXGroup section */
		A321975D1E9D83CC0099DDFF = {
			isa = PBXGroup;
			children = (
				A32197681E9D83CC0099DDFF /* SlideshowApp */,
				A32197671E9D83CC0099DDFF /* Products */,
			);
			sourceTree = "<group>";
		};
		A32197671E9D83CC0099DDFF /* Products */ = {
			isa = PBXGroup;
			children = (
				A32197661E9D83CC0099DDFF /* SlideshowApp.app */,
			);
			name = Products;
			sourceTree = "<group>";
		};
		A32197681E9D83CC0099DDFF /* SlideshowApp */ = {
			isa = PBXGroup;
			children = (
				A32197691E9D83CC0099DDFF /* AppDelegate.swift */,
				A321976B1E9D83CC0099DDFF /* ViewController.swift */,
				A321976D1E9D83CC0099DDFF /* Main.storyboard */,
				A321977D1E9D880C0099DDFF /* ResultViewController.swift */,
				A321977B1E9D83FA0099DDFF /* 01.jpg */,
				A32197701E9D83CC0099DDFF /* Assets.xcassets */,
				A32197721E9D83CC0099DDFF /* LaunchScreen.storyboard */,
				A32197751E9D83CC0099DDFF /* Info.plist */,
			);
			path = SlideshowApp;
			sourceTree = "<group>";
		};
/* End PBXGroup section */

/* Begin PBXNativeTarget section */
		A32197651E9D83CC0099DDFF /* SlideshowApp */ = {
			isa = PBXNativeTarget;
			buildConfigurationList = A32197781E9D83CC0099DDFF /* Build configuration list for PBXNativeTarget "SlideshowApp" */;
			buildPhases = (
				A32197621E9D83CC0099DDFF /* Sources */,
				A32197631E9D83CC0099DDFF /* Frameworks */,
				A32197641E9D83CC0099DDFF /* Resources */,
			);
			buildRules = (
			);
			dependencies = (
			);
			name = SlideshowApp;
			productName = SlideshowApp;
			productReference = A32197661E9D83CC0099DDFF /* SlideshowApp.app */;
			productType = "com.apple.product-type.application";
		};
/* End PBXNativeTarget section */

/* Begin PBXProject section */
		A321975E1E9D83CC0099DDFF /* Project object */ = {
			isa = PBXProject;
			attributes = {
				LastSwiftUpdateCheck = 0820;
				LastUpgradeCheck = 0820;
				ORGANIZATIONNAME = "藤田 和樹";
				TargetAttributes = {
					A32197651E9D83CC0099DDFF = {
						CreatedOnToolsVersion = 8.2.1;
						DevelopmentTeam = YQ44E3DTZV;
						ProvisioningStyle = Automatic;
					};
				};
			};
			buildConfigurationList = A32197611E9D83CC0099DDFF /* Build configuration list for PBXProject "SlideshowApp" */;
			compatibilityVersion = "Xcode 3.2";
			developmentRegion = English;
			hasScannedForEncodings = 0;
			knownRegions = (
				en,
				Base,
			);
			mainGroup = A321975D1E9D83CC0099DDFF;
			productRefGroup = A32197671E9D83CC0099DDFF /* Products */;
			projectDirPath = "";
			projectRoot = "";
			targets = (
				A32197651E9D83CC0099DDFF /* SlideshowApp */,
			);
		};
/* End PBXProject section */

/* Begin PBXResourcesBuildPhase section */
		A32197641E9D83CC0099DDFF /* Resources */ = {
			isa = PBXResourcesBuildPhase;
			buildActionMask = 2147483647;
			files = (
				A32197741E9D83CC0099DDFF /* LaunchScreen.storyboard in Resources */,
				A32197711E9D83CC0099DDFF /* Assets.xcassets in Resources */,
				A321977C1E9D83FA0099DDFF /* 01.jpg in Resources */,
				A321976F1E9D83CC0099DDFF /* Main.storyboard in Resources */,
			);
			runOnlyForDeploymentPostprocessing = 0;
		};
/* End PBXResourcesBuildPhase section */

/* Begin PBXSourcesBuildPhase section */
		A32197621E9D83CC0099DDFF /* Sources */ = {
			isa = PBXSourcesBuildPhase;
			buildActionMask = 2147483647;
			files = (
				A321976C1E9D83CC0099DDFF /* ViewController.swift in Sources */,
				A321976A1E9D83CC0099DDFF /* AppDelegate.swift in Sources */,
				A321977E1E9D880C0099DDFF /* ResultViewController.swift in Sources */,
			);
			runOnlyForDeploymentPostprocessing = 0;
		};
/* End PBXSourcesBuildPhase section */

/* Begin PBXVariantGroup section */
		A321976D1E9D83CC0099DDFF /* Main.storyboard */ = {
			isa = PBXVariantGroup;
			children = (
				A321976E1E9D83CC0099DDFF /* Base */,
			);
			name = Main.storyboard;
			sourceTree = "<group>";
		};
		A32197721E9D83CC0099DDFF /* LaunchScreen.storyboard */ = {
			isa = PBXVariantGroup;
			children = (
				A32197731E9D83CC0099DDFF /* Base */,
			);
			name = LaunchScreen.storyboard;
			sourceTree = "<group>";
		};
/* End PBXVariantGroup section */

/* Begin XCBuildConfiguration section */
		A32197761E9D83CC0099DDFF /* Debug */ = {
			isa = XCBuildConfiguration;
			buildSettings = {
				ALWAYS_SEARCH_USER_PATHS = NO;
				CLANG_ANALYZER_NONNULL = YES;
				CLANG_CXX_LANGUAGE_STANDARD = "gnu++0x";
				CLANG_CXX_LIBRARY = "libc++";
				CLANG_ENABLE_MODULES = YES;
				CLANG_ENABLE_OBJC_ARC = YES;
				CLANG_WARN_BOOL_CONVERSION = YES;
				CLANG_WARN_CONSTANT_CONVERSION = YES;
				CLANG_WARN_DIRECT_OBJC_ISA_USAGE = YES_ERROR;
				CLANG_WARN_DOCUMENTATION_COMMENTS = YES;
				CLANG_WARN_EMPTY_BODY = YES;
				CLANG_WARN_ENUM_CONVERSION = YES;
				CLANG_WARN_INFINITE_RECURSION = YES;
				CLANG_WARN_INT_CONVERSION = YES;
				CLANG_WARN_OBJC_ROOT_CLASS = YES_ERROR;
				CLANG_WARN_SUSPICIOUS_MOVE = YES;
				CLANG_WARN_UNREACHABLE_CODE = YES;
				CLANG_WARN__DUPLICATE_METHOD_MATCH = YES;
				"CODE_SIGN_IDENTITY[sdk=iphoneos*]" = "iPhone Developer";
				COPY_PHASE_STRIP = NO;
				DEBUG_INFORMATION_FORMAT = dwarf;
				ENABLE_STRICT_OBJC_MSGSEND = YES;
				ENABLE_TESTABILITY = YES;
				GCC_C_LANGUAGE_STANDARD = gnu99;
				GCC_DYNAMIC_NO_PIC = NO;
				GCC_NO_COMMON_BLOCKS = YES;
				GCC_OPTIMIZATION_LEVEL = 0;
				GCC_PREPROCESSOR_DEFINITIONS = (
					"DEBUG=1",
					"$(inherited)",
				);
				GCC_WARN_64_TO_32_BIT_CONVERSION = YES;
				GCC_WARN_ABOUT_RETURN_TYPE = YES_ERROR;
				GCC_WARN_UNDECLARED_SELECTOR = YES;
				GCC_WARN_UNINITIALIZED_AUTOS = YES_AGGRESSIVE;
				GCC_WARN_UNUSED_FUNCTION = YES;
				GCC_WARN_UNUSED_VARIABLE = YES;
				IPHONEOS_DEPLOYMENT_TARGET = 10.2;
				MTL_ENABLE_DEBUG_INFO = YES;
				ONLY_ACTIVE_ARCH = YES;
				SDKROOT = iphoneos;
				SWIFT_ACTIVE_COMPILATION_CONDITIONS = DEBUG;
				SWIFT_OPTIMIZATION_LEVEL = "-Onone";
			};
			name = Debug;
		};
		A32197771E9D83CC0099DDFF /* Release */ = {
			isa = XCBuildConfiguration;
			buildSettings = {
				ALWAYS_SEARCH_USER_PATHS = NO;
				CLANG_ANALYZER_NONNULL = YES;
				CLANG_CXX_LANGUAGE_STANDARD = "gnu++0x";
				CLANG_CXX_LIBRARY = "libc++";
				CLANG_ENABLE_MODULES = YES;
				CLANG_ENABLE_OBJC_ARC = YES;
				CLANG_WARN_BOOL_CONVERSION = YES;
				CLANG_WARN_CONSTANT_CONVERSION = YES;
				CLANG_WARN_DIRECT_OBJC_ISA_USAGE = YES_ERROR;
				CLANG_WARN_DOCUMENTATION_COMMENTS = YES;
				CLANG_WARN_EMPTY_BODY = YES;
				CLANG_WARN_ENUM_CONVERSION = YES;
				CLANG_WARN_INFINITE_RECURSION = YES;
				CLANG_WARN_INT_CONVERSION = YES;
				CLANG_WARN_OBJC_ROOT_CLASS = YES_ERROR;
				CLANG_WARN_SUSPICIOUS_MOVE = YES;
				CLANG_WARN_UNREACHABLE_CODE = YES;
				CLANG_WARN__DUPLICATE_METHOD_MATCH = YES;
				"CODE_SIGN_IDENTITY[sdk=iphoneos*]" = "iPhone Developer";
				COPY_PHASE_STRIP = NO;
				DEBUG_INFORMATION_FORMAT = "dwarf-with-dsym";
				ENABLE_NS_ASSERTIONS = NO;
				ENABLE_STRICT_OBJC_MSGSEND = YES;
				GCC_C_LANGUAGE_STANDARD = gnu99;
				GCC_NO_COMMON_BLOCKS = YES;
				GCC_WARN_64_TO_32_BIT_CONVERSION = YES;
				GCC_WARN_ABOUT_RETURN_TYPE = YES_ERROR;
				GCC_WARN_UNDECLARED_SELECTOR = YES;
				GCC_WARN_UNINITIALIZED_AUTOS = YES_AGGRESSIVE;
				GCC_WARN_UNUSED_FUNCTION = YES;
				GCC_WARN_UNUSED_VARIABLE = YES;
				IPHONEOS_DEPLOYMENT_TARGET = 10.2;
				MTL_ENABLE_DEBUG_INFO = NO;
				SDKROOT = iphoneos;
				SWIFT_OPTIMIZATION_LEVEL = "-Owholemodule";
				VALIDATE_PRODUCT = YES;
			};
			name = Release;
		};
		A32197791E9D83CC0099DDFF /* Debug */ = {
			isa = XCBuildConfiguration;
			buildSettings = {
				ASSETCATALOG_COMPILER_APPICON_NAME = AppIcon;
				DEVELOPMENT_TEAM = YQ44E3DTZV;
				INFOPLIST_FILE = SlideshowApp/Info.plist;
				LD_RUNPATH_SEARCH_PATHS = "$(inherited) @executable_path/Frameworks";
				PRODUCT_BUNDLE_IDENTIFIER = jp.techacademy.kazuki.fujita.SlideshowApp;
				PRODUCT_NAME = "$(TARGET_NAME)";
				SWIFT_VERSION = 3.0;
			};
			name = Debug;
		};
		A321977A1E9D83CC0099DDFF /* Release */ = {
			isa = XCBuildConfiguration;
			buildSettings = {
				ASSETCATALOG_COMPILER_APPICON_NAME = AppIcon;
				DEVELOPMENT_TEAM = YQ44E3DTZV;
				INFOPLIST_FILE = SlideshowApp/Info.plist;
				LD_RUNPATH_SEARCH_PATHS = "$(inherited) @executable_path/Frameworks";
				PRODUCT_BUNDLE_IDENTIFIER = jp.techacademy.kazuki.fujita.SlideshowApp;
				PRODUCT_NAME = "$(TARGET_NAME)";
				SWIFT_VERSION = 3.0;
			};
			name = Release;
		};
/* End XCBuildConfiguration section */

/* Begin XCConfigurationList section */
		A32197611E9D83CC0099DDFF /* Build configuration list for PBXProject "SlideshowApp" */ = {
			isa = XCConfigurationList;
			buildConfigurations = (
				A32197761E9D83CC0099DDFF /* Debug */,
				A32197771E9D83CC0099DDFF /* Release */,
			);
			defaultConfigurationIsVisible = 0;
			defaultConfigurationName = Release;
		};
		A32197781E9D83CC0099DDFF /* Build configuration list for PBXNativeTarget "SlideshowApp" */ = {
			isa = XCConfigurationList;
			buildConfigurations = (
				A32197791E9D83CC0099DDFF /* Debug */,
				A321977A1E9D83CC0099DDFF /* Release */,
			);
			defaultConfigurationIsVisible = 0;
			defaultConfigurationName = Release;
		};
/* End XCConfigurationList section */
	};
	rootObject = A321975E1E9D83CC0099DDFF /* Project object */;
}
